dependencies:
  espressif/esp_tinyusb:
    dependencies: []
    source:
      path: /home/pdurlej/esp/esp-msc/components/espressif__esp_tinyusb
      type: local
    version: 1.7.1
  espressif/tinyusb:
    component_hash: 0f96faa5e29d5a04553ba7050b9051c1f6b549b9340681eb7afdda419a8dff2e
    dependencies:
    - name: idf
      require: private
      version: '>=5.0'
    source:
      registry_url: https://components.espressif.com/
      type: service
    targets:
    - esp32s2
    - esp32s3
    - esp32p4
    version: 0.18.0~1
  idf:
    source:
      type: idf
    version: 5.4.0
direct_dependencies:
- espressif/esp_tinyusb
- espressif/tinyusb
- idf
manifest_hash: b95093edecac2ea063552155d59bdb1256cbb6d2509c03685b419d4538bb05a5
target: esp32s3
version: 2.0.0
