dependencies:
  espressif/esp_tinyusb:
    component_hash: 94bc5de689ab009db30571c7223be15be157d9d3ddb228eb450f43f281c9fe98
    dependencies:
    - name: idf
      version: '>=5.0'
    - name: espressif/tinyusb
      public: true
      version: '>=0.14.2'
    source:
      git: https://github.com/p-durlej/esp-usb-experimental.git
      path: device/esp_tinyusb
      type: git
    version: 621b7137a7c08908b4b08ff43713032a8eed57a0
  espressif/tinyusb:
    component_hash: 0f96faa5e29d5a04553ba7050b9051c1f6b549b9340681eb7afdda419a8dff2e
    dependencies:
    - name: idf
      require: private
      version: '>=5.0'
    source:
      registry_url: https://components.espressif.com/
      type: service
    targets:
    - esp32s2
    - esp32s3
    - esp32p4
    version: 0.18.0~1
  idf:
    source:
      type: idf
    version: 5.4.0
direct_dependencies:
- espressif/esp_tinyusb
- idf
manifest_hash: 888d90d370b94eff67659536ead4b0a388c6ac9012895abad689a20463781833
target: esp32s3
version: 2.0.0
